<Solution>
  <Folder Name="/src/">
    <Project Path="src/PoLocalCompare.Api/PoLocalCompare.Api.csproj" />
    <Project Path="src/PoLocalCompare.Shared/PoLocalCompare.Shared.csproj" />
  </Folder>
  <Folder Name="/src/Client/">
    <Project Path="src/Client/PoLocalCompare.Client/PoLocalCompare.Client.csproj" />
  </Folder>
  <Folder Name="/tests/">
    <Project Path="tests/PoLocalCompare.UnitTests/PoLocalCompare.UnitTests.csproj" />
    <Project Path="tests/PoLocalCompare.IntegrationTests/PoLocalCompare.IntegrationTests.csproj" />
    <Project Path="tests/PoLocalCompare.E2EAPI/PoLocalCompare.E2EAPI.csproj" />
    <Project Path="tests/PoLocalCompare.E2EUI/PoLocalCompare.E2EUI.csproj" />
  </Folder>
</Solution>
