<Solution>
  <Folder Name="/src/">
    <Project Path="src/PoLocalCompare.Api/PoLocalCompare.Api.csproj" />
    <Project Path="src/PoLocalCompare.Shared/PoLocalCompare.Shared.csproj" />
  </Folder>
  <Folder Name="/src/Client/">
    <Project Path="src/Client/PoLocalCompare.Client/PoLocalCompare.Client.csproj" />
  </Folder>
  <Folder Name="/tests/">
    <Project Path="tests/PoLocalCompare.Tests/PoLocalCompare.Tests.csproj" />
    <Project Path="tests/PoLocalCompare.Tests.E2E/PoLocalCompare.Tests.E2E.csproj" />
  </Folder>
</Solution>
